
Microsoft Visual Studio Solution File, Format Version 12.00
# Visual Studio Version 17
VisualStudioVersion = 17.9.34607.119
MinimumVisualStudioVersion = 10.0.40219.1
Project("{FAE04EC0-301F-11D3-BF4B-00C04F79EFBC}") = "SpectactularCLI", "SpectactularCLI.csproj", "{DD402142-515D-4C69-9D5E-44B8E466D84A}"
EndProject
Global
	GlobalSection(SolutionConfigurationPlatforms) = preSolution
		Debug|Any CPU = Debug|Any CPU
		Release|Any CPU = Release|Any CPU
	EndGlobalSection
	GlobalSection(ProjectConfigurationPlatforms) = postSolution
		{DD402142-515D-4C69-9D5E-44B8E466D84A}.Debug|Any CPU.ActiveCfg = Debug|Any CPU
		{DD402142-515D-4C69-9D5E-44B8E466D84A}.Debug|Any CPU.Build.0 = Debug|Any CPU
		{DD402142-515D-4C69-9D5E-44B8E466D84A}.Release|Any CPU.ActiveCfg = Release|Any CPU
		{DD402142-515D-4C69-9D5E-44B8E466D84A}.Release|Any CPU.Build.0 = Release|Any CPU
	EndGlobalSection
	GlobalSection(SolutionProperties) = preSolution
		HideSolutionNode = FALSE
	EndGlobalSection
	GlobalSection(ExtensibilityGlobals) = postSolution
		SolutionGuid = {A1FB3AE9-098B-42B0-9285-909083C6EF1E}
	EndGlobalSection
EndGlobal
