
Microsoft Visual Studio Solution File, Format Version 12.00
# Visual Studio Version 17
VisualStudioVersion = 17.0.31903.59
MinimumVisualStudioVersion = 10.0.40219.1
Project("{9A19103F-16F7-4668-BE54-9A1E7A4F7556}") = "DocumentGeneration.BFF.API", "DocumentGeneration.BFF.API.csproj", "{D313B989-B8A2-495A-9204-CAE37616E28D}"
EndProject
Project("{9A19103F-16F7-4668-BE54-9A1E7A4F7556}") = "DocumentGeneration.BFF.Core", "..\DocumentGeneration.BFF.Core\DocumentGeneration.BFF.Core.csproj", "{E0FB6270-74FE-4D9D-968F-A62A51A52D39}"
EndProject
Project("{9A19103F-16F7-4668-BE54-9A1E7A4F7556}") = "DocumentGeneration.BFF.DocumentationGen.Service", "..\DocumentGeneration.BFF.DocumentationGen.Service\DocumentGeneration.BFF.DocumentationGen.Service.csproj", "{930318A0-809C-4972-B838-5410E6D0234C}"
EndProject
Project("{9A19103F-16F7-4668-BE54-9A1E7A4F7556}") = "DocumentGeneration.BFF.HtmlConverter.Service", "..\DocumentGeneration.BFF.HtmlConverter.Service\DocumentGeneration.BFF.HtmlConverter.Service.csproj", "{AE4C6E3D-C584-42B3-BFDE-A8810DD17091}"
EndProject
Project("{FAE04EC0-301F-11D3-BF4B-00C04F79EFBC}") = "DocumentGeneration.BFF.Database.Service", "..\DocumentGeneration.BFF.Database.Service\DocumentGeneration.BFF.Database.Service.csproj", "{FF053521-50D6-41B2-B938-7F63EA1ABC7A}"
EndProject
Global
	GlobalSection(SolutionConfigurationPlatforms) = preSolution
		Debug|Any CPU = Debug|Any CPU
		Release|Any CPU = Release|Any CPU
	EndGlobalSection
	GlobalSection(ProjectConfigurationPlatforms) = postSolution
		{D313B989-B8A2-495A-9204-CAE37616E28D}.Debug|Any CPU.ActiveCfg = Debug|Any CPU
		{D313B989-B8A2-495A-9204-CAE37616E28D}.Debug|Any CPU.Build.0 = Debug|Any CPU
		{D313B989-B8A2-495A-9204-CAE37616E28D}.Release|Any CPU.ActiveCfg = Release|Any CPU
		{D313B989-B8A2-495A-9204-CAE37616E28D}.Release|Any CPU.Build.0 = Release|Any CPU
		{E0FB6270-74FE-4D9D-968F-A62A51A52D39}.Debug|Any CPU.ActiveCfg = Debug|Any CPU
		{E0FB6270-74FE-4D9D-968F-A62A51A52D39}.Debug|Any CPU.Build.0 = Debug|Any CPU
		{E0FB6270-74FE-4D9D-968F-A62A51A52D39}.Release|Any CPU.ActiveCfg = Release|Any CPU
		{E0FB6270-74FE-4D9D-968F-A62A51A52D39}.Release|Any CPU.Build.0 = Release|Any CPU
		{930318A0-809C-4972-B838-5410E6D0234C}.Debug|Any CPU.ActiveCfg = Debug|Any CPU
		{930318A0-809C-4972-B838-5410E6D0234C}.Debug|Any CPU.Build.0 = Debug|Any CPU
		{930318A0-809C-4972-B838-5410E6D0234C}.Release|Any CPU.ActiveCfg = Release|Any CPU
		{930318A0-809C-4972-B838-5410E6D0234C}.Release|Any CPU.Build.0 = Release|Any CPU
		{AE4C6E3D-C584-42B3-BFDE-A8810DD17091}.Debug|Any CPU.ActiveCfg = Debug|Any CPU
		{AE4C6E3D-C584-42B3-BFDE-A8810DD17091}.Debug|Any CPU.Build.0 = Debug|Any CPU
		{AE4C6E3D-C584-42B3-BFDE-A8810DD17091}.Release|Any CPU.ActiveCfg = Release|Any CPU
		{AE4C6E3D-C584-42B3-BFDE-A8810DD17091}.Release|Any CPU.Build.0 = Release|Any CPU
		{FF053521-50D6-41B2-B938-7F63EA1ABC7A}.Debug|Any CPU.ActiveCfg = Debug|Any CPU
		{FF053521-50D6-41B2-B938-7F63EA1ABC7A}.Debug|Any CPU.Build.0 = Debug|Any CPU
		{FF053521-50D6-41B2-B938-7F63EA1ABC7A}.Release|Any CPU.ActiveCfg = Release|Any CPU
		{FF053521-50D6-41B2-B938-7F63EA1ABC7A}.Release|Any CPU.Build.0 = Release|Any CPU
	EndGlobalSection
	GlobalSection(SolutionProperties) = preSolution
		HideSolutionNode = FALSE
	EndGlobalSection
	GlobalSection(ExtensibilityGlobals) = postSolution
		SolutionGuid = {1617253B-212C-45A9-98DB-1CED11E03CFD}
	EndGlobalSection
EndGlobal
